{
  "requires": true,
  "lockfileVersion": 1,
  "dependencies": {
    "datatables.net": {
      "version": "1.10.20",
      "resolved": "https://registry.npmjs.org/datatables.net/-/datatables.net-1.10.20.tgz",
      "integrity": "sha512-4E4S7tTU607N3h0fZPkGmAtr9mwy462u+VJ6gxYZ8MxcRIjZqHy3Dv1GNry7i3zQCktTdWbULVKBbkAJkuHEnQ==",
      "requires": {
        "jquery": ">=1.7"
      }
    },
    "datatables.net-autofill": {
      "version": "2.3.4",
      "resolved": "https://registry.npmjs.org/datatables.net-autofill/-/datatables.net-autofill-2.3.4.tgz",
      "integrity": "sha512-0mVCKbtgz8bAxb7Rt0MKjduJiTQNkLM6nPFkqPlMiTzGqlDjixrPA8BV35N60CptKhH8A/twy1sr9lHVrg/Niw==",
      "requires": {
        "datatables.net": "^1.10.15",
        "jquery": ">=1.7"
      }
    },
    "datatables.net-autofill-bs4": {
      "version": "2.3.4",
      "resolved": "https://registry.npmjs.org/datatables.net-autofill-bs4/-/datatables.net-autofill-bs4-2.3.4.tgz",
      "integrity": "sha512-oqmR84gwsMFOj4OPwuGxSv6tbJWb8DDOqS3Ltg///gEPsgHgFgF0Si3GDLwNGtzF87T9G/q7HpVO3ZUmM5ChZw==",
      "requires": {
        "datatables.net-autofill": "2.3.4",
        "datatables.net-bs4": "^1.10.15",
        "jquery": ">=1.7"
      }
    },
    "datatables.net-bs4": {
      "version": "1.10.20",
      "resolved": "https://registry.npmjs.org/datatables.net-bs4/-/datatables.net-bs4-1.10.20.tgz",
      "integrity": "sha512-kQmMUMsHMOlAW96ztdoFqjSbLnlGZQ63iIM82kHbmldsfYdzuyhbb4hTx6YNBi481WCO3iPSvI6YodNec46ZAw==",
      "requires": {
        "datatables.net": "1.10.20",
        "jquery": ">=1.7"
      }
    },
    "jquery": {
      "version": "3.4.1",
      "resolved": "https://registry.npmjs.org/jquery/-/jquery-3.4.1.tgz",
      "integrity": "sha512-36+AdBzCL+y6qjw5Tx7HgzeGCzC81MDDgaUP8ld2zhx58HdqXGoBd+tHdrBMiyjGQs0Hxs/MLZTu/eHNJJuWPw=="
    }
  }
}
